{
  "pins" : [
    {
      "identity" : "stripe-ios-spm",
      "kind" : "remoteSourceControl",
      "location" : "https://github.com/stripe/stripe-ios-spm",
      "state" : {
        "revision" : "2d6912228fd7f6d3b770f72374caebad7fe853a8",
        "version" : "23.11.2"
      }
    }
  ],
  "version" : 2
}
